# This file was autogenerated by Stack.
# You should not edit this file by hand.
# For more information, please see the documentation at:
#   https://docs.haskellstack.org/en/stable/lock_files

packages:
- completed:
    hackage: aws-0.21.1@sha256:5290b819bd425f28c736b93a84955ced145bdb631a26d784d1b952e2e0ddc6b8,14259
    pantry-tree:
      size: 6843
      sha256: 59469aba89aa215e5b3ff94b7fe2d866c2dd0cea750e4fbed5e5bc05f3bc9a84
  original:
    hackage: aws-0.21.1@sha256:5290b819bd425f28c736b93a84955ced145bdb631a26d784d1b952e2e0ddc6b8
snapshots:
- completed:
    size: 585393
    url: https://raw.githubusercontent.com/commercialhaskell/stackage-snapshots/master/lts/18/0.yaml
    sha256: c632012da648385b9fa3c29f4e0afd56ead299f1c5528ee789058be410e883c0
  original: lts-18.0
